
Microsoft Visual Studio Solution File, Format Version 12.00
# Visual Studio Version 17
VisualStudioVersion = 17.4.33927.135
MinimumVisualStudioVersion = 10.0.40219.1
Project("{9A19103F-16F7-4668-BE54-9A1E7A4F7556}") = "Interview.Entities", "Interview.Entities\Interview.Entities.csproj", "{8183CBD5-96BF-4E09-8593-425BCF3C7B97}"
EndProject
Project("{9A19103F-16F7-4668-BE54-9A1E7A4F7556}") = "Interview.UI", "Interview.UI\Interview.UI.csproj", "{EC25CA9D-3C66-4F5C-88AE-8755218E97DF}"
EndProject
Project("{FAE04EC0-301F-11D3-BF4B-00C04F79EFBC}") = "Interview.UI.Tests", "Interview.UI.Tests\Interview.UI.Tests.csproj", "{F0591AE7-6E9B-437F-856B-8850D045F048}"
EndProject
Global
	GlobalSection(SolutionConfigurationPlatforms) = preSolution
		Debug|Any CPU = Debug|Any CPU
		Release|Any CPU = Release|Any CPU
	EndGlobalSection
	GlobalSection(ProjectConfigurationPlatforms) = postSolution
		{8183CBD5-96BF-4E09-8593-425BCF3C7B97}.Debug|Any CPU.ActiveCfg = Debug|Any CPU
		{8183CBD5-96BF-4E09-8593-425BCF3C7B97}.Debug|Any CPU.Build.0 = Debug|Any CPU
		{8183CBD5-96BF-4E09-8593-425BCF3C7B97}.Release|Any CPU.ActiveCfg = Release|Any CPU
		{8183CBD5-96BF-4E09-8593-425BCF3C7B97}.Release|Any CPU.Build.0 = Release|Any CPU
		{EC25CA9D-3C66-4F5C-88AE-8755218E97DF}.Debug|Any CPU.ActiveCfg = Debug|Any CPU
		{EC25CA9D-3C66-4F5C-88AE-8755218E97DF}.Debug|Any CPU.Build.0 = Debug|Any CPU
		{EC25CA9D-3C66-4F5C-88AE-8755218E97DF}.Release|Any CPU.ActiveCfg = Release|Any CPU
		{EC25CA9D-3C66-4F5C-88AE-8755218E97DF}.Release|Any CPU.Build.0 = Release|Any CPU
		{F0591AE7-6E9B-437F-856B-8850D045F048}.Debug|Any CPU.ActiveCfg = Debug|Any CPU
		{F0591AE7-6E9B-437F-856B-8850D045F048}.Debug|Any CPU.Build.0 = Debug|Any CPU
		{F0591AE7-6E9B-437F-856B-8850D045F048}.Release|Any CPU.ActiveCfg = Release|Any CPU
		{F0591AE7-6E9B-437F-856B-8850D045F048}.Release|Any CPU.Build.0 = Release|Any CPU
	EndGlobalSection
	GlobalSection(SolutionProperties) = preSolution
		HideSolutionNode = FALSE
	EndGlobalSection
	GlobalSection(ExtensibilityGlobals) = postSolution
		SolutionGuid = {850CAD9B-6ADA-4D59-9934-5899A02203DF}
	EndGlobalSection
EndGlobal
